
Microsoft Visual Studio Solution File, Format Version 12.00
# Visual Studio Version 16
VisualStudioVersion = 16.0.31019.35
MinimumVisualStudioVersion = 10.0.40219.1
Project("{9A19103F-16F7-4668-BE54-9A1E7A4F7556}") = "DataAccess", "DataAccess\DataAccess.csproj", "{E8307A9A-03E9-4AAB-89E4-1226C91BDA23}"
EndProject
Project("{9A19103F-16F7-4668-BE54-9A1E7A4F7556}") = "Business", "Business\Business.csproj", "{785A0117-EBE9-4ABB-B0E8-E5C2E598A108}"
EndProject
Project("{9A19103F-16F7-4668-BE54-9A1E7A4F7556}") = "Entities", "Entities\Entities.csproj", "{F6B9A663-5928-49CC-8E2E-0BF2AA9095F1}"
EndProject
Project("{9A19103F-16F7-4668-BE54-9A1E7A4F7556}") = "ConsoleUI", "ConsoleUI\ConsoleUI.csproj", "{640A56AF-5903-4B82-BE2D-F8241205655D}"
EndProject
Project("{9A19103F-16F7-4668-BE54-9A1E7A4F7556}") = "Core", "Core\Core.csproj", "{1D012013-83B3-4999-A410-63647603FCD7}"
EndProject
Project("{FAE04EC0-301F-11D3-BF4B-00C04F79EFBC}") = "WebAPI", "WebAPI\WebAPI.csproj", "{FAC1B09F-F4E6-4F89-9B53-5C314B013301}"
EndProject
Global
	GlobalSection(SolutionConfigurationPlatforms) = preSolution
		Debug|Any CPU = Debug|Any CPU
		Release|Any CPU = Release|Any CPU
	EndGlobalSection
	GlobalSection(ProjectConfigurationPlatforms) = postSolution
		{E8307A9A-03E9-4AAB-89E4-1226C91BDA23}.Debug|Any CPU.ActiveCfg = Debug|Any CPU
		{E8307A9A-03E9-4AAB-89E4-1226C91BDA23}.Debug|Any CPU.Build.0 = Debug|Any CPU
		{E8307A9A-03E9-4AAB-89E4-1226C91BDA23}.Release|Any CPU.ActiveCfg = Release|Any CPU
		{E8307A9A-03E9-4AAB-89E4-1226C91BDA23}.Release|Any CPU.Build.0 = Release|Any CPU
		{785A0117-EBE9-4ABB-B0E8-E5C2E598A108}.Debug|Any CPU.ActiveCfg = Debug|Any CPU
		{785A0117-EBE9-4ABB-B0E8-E5C2E598A108}.Debug|Any CPU.Build.0 = Debug|Any CPU
		{785A0117-EBE9-4ABB-B0E8-E5C2E598A108}.Release|Any CPU.ActiveCfg = Release|Any CPU
		{785A0117-EBE9-4ABB-B0E8-E5C2E598A108}.Release|Any CPU.Build.0 = Release|Any CPU
		{F6B9A663-5928-49CC-8E2E-0BF2AA9095F1}.Debug|Any CPU.ActiveCfg = Debug|Any CPU
		{F6B9A663-5928-49CC-8E2E-0BF2AA9095F1}.Debug|Any CPU.Build.0 = Debug|Any CPU
		{F6B9A663-5928-49CC-8E2E-0BF2AA9095F1}.Release|Any CPU.ActiveCfg = Release|Any CPU
		{F6B9A663-5928-49CC-8E2E-0BF2AA9095F1}.Release|Any CPU.Build.0 = Release|Any CPU
		{640A56AF-5903-4B82-BE2D-F8241205655D}.Debug|Any CPU.ActiveCfg = Debug|Any CPU
		{640A56AF-5903-4B82-BE2D-F8241205655D}.Debug|Any CPU.Build.0 = Debug|Any CPU
		{640A56AF-5903-4B82-BE2D-F8241205655D}.Release|Any CPU.ActiveCfg = Release|Any CPU
		{640A56AF-5903-4B82-BE2D-F8241205655D}.Release|Any CPU.Build.0 = Release|Any CPU
		{1D012013-83B3-4999-A410-63647603FCD7}.Debug|Any CPU.ActiveCfg = Debug|Any CPU
		{1D012013-83B3-4999-A410-63647603FCD7}.Debug|Any CPU.Build.0 = Debug|Any CPU
		{1D012013-83B3-4999-A410-63647603FCD7}.Release|Any CPU.ActiveCfg = Release|Any CPU
		{1D012013-83B3-4999-A410-63647603FCD7}.Release|Any CPU.Build.0 = Release|Any CPU
		{FAC1B09F-F4E6-4F89-9B53-5C314B013301}.Debug|Any CPU.ActiveCfg = Debug|Any CPU
		{FAC1B09F-F4E6-4F89-9B53-5C314B013301}.Debug|Any CPU.Build.0 = Debug|Any CPU
		{FAC1B09F-F4E6-4F89-9B53-5C314B013301}.Release|Any CPU.ActiveCfg = Release|Any CPU
		{FAC1B09F-F4E6-4F89-9B53-5C314B013301}.Release|Any CPU.Build.0 = Release|Any CPU
	EndGlobalSection
	GlobalSection(SolutionProperties) = preSolution
		HideSolutionNode = FALSE
	EndGlobalSection
	GlobalSection(ExtensibilityGlobals) = postSolution
		SolutionGuid = {D08E1BC4-95AF-4617-9088-6A74A4577D5F}
	EndGlobalSection
EndGlobal
